
Microsoft Visual Studio Solution File, Format Version 12.00
# Visual Studio 15
VisualStudioVersion = 15.0.28307.271
MinimumVisualStudioVersion = 10.0.40219.1
Project("{FAE04EC0-301F-11D3-BF4B-00C04F79EFBC}") = "CourseworkTask", "CourseworkTask\CourseworkTask.csproj", "{224E86DE-37E9-406C-9E8B-F895101119E6}"
EndProject
Global
	GlobalSection(SolutionConfigurationPlatforms) = preSolution
		Debug|Any CPU = Debug|Any CPU
		Release|Any CPU = Release|Any CPU
	EndGlobalSection
	GlobalSection(ProjectConfigurationPlatforms) = postSolution
		{224E86DE-37E9-406C-9E8B-F895101119E6}.Debug|Any CPU.ActiveCfg = Debug|Any CPU
		{224E86DE-37E9-406C-9E8B-F895101119E6}.Debug|Any CPU.Build.0 = Debug|Any CPU
		{224E86DE-37E9-406C-9E8B-F895101119E6}.Release|Any CPU.ActiveCfg = Release|Any CPU
		{224E86DE-37E9-406C-9E8B-F895101119E6}.Release|Any CPU.Build.0 = Release|Any CPU
	EndGlobalSection
	GlobalSection(SolutionProperties) = preSolution
		HideSolutionNode = FALSE
	EndGlobalSection
	GlobalSection(ExtensibilityGlobals) = postSolution
		SolutionGuid = {BFBD1042-6340-4636-BCCB-C7C22339CDE8}
	EndGlobalSection
EndGlobal
